
Microsoft Visual Studio Solution File, Format Version 12.00
# Visual Studio Version 17
VisualStudioVersion = 17.0.32014.148
MinimumVisualStudioVersion = 10.0.40219.1
Project("{FAE04EC0-301F-11D3-BF4B-00C04F79EFBC}") = "API", "API.csproj", "{DF5241D2-B545-4845-BFD7-5C0FBFAF50A8}"
EndProject
Global
	GlobalSection(SolutionConfigurationPlatforms) = preSolution
		Debug|Any CPU = Debug|Any CPU
		Release|Any CPU = Release|Any CPU
	EndGlobalSection
	GlobalSection(ProjectConfigurationPlatforms) = postSolution
		{DF5241D2-B545-4845-BFD7-5C0FBFAF50A8}.Debug|Any CPU.ActiveCfg = Debug|Any CPU
		{DF5241D2-B545-4845-BFD7-5C0FBFAF50A8}.Debug|Any CPU.Build.0 = Debug|Any CPU
		{DF5241D2-B545-4845-BFD7-5C0FBFAF50A8}.Release|Any CPU.ActiveCfg = Release|Any CPU
		{DF5241D2-B545-4845-BFD7-5C0FBFAF50A8}.Release|Any CPU.Build.0 = Release|Any CPU
	EndGlobalSection
	GlobalSection(SolutionProperties) = preSolution
		HideSolutionNode = FALSE
	EndGlobalSection
	GlobalSection(ExtensibilityGlobals) = postSolution
		SolutionGuid = {8F6C0787-C36C-4E24-A6F9-FB4A07ABA74C}
	EndGlobalSection
EndGlobal
